
Microsoft Visual Studio Solution File, Format Version 12.00
# Visual Studio 2012
Project("{FAE04EC0-301F-11D3-BF4B-00C04F79EFBC}") = "Cadastro", "Cadastro\Cadastro.csproj", "{D7BAE370-CA42-4F2B-BE84-46AC3D0FEB51}"
EndProject
Global
	GlobalSection(SolutionConfigurationPlatforms) = preSolution
		Debug|Any CPU = Debug|Any CPU
		Release|Any CPU = Release|Any CPU
	EndGlobalSection
	GlobalSection(ProjectConfigurationPlatforms) = postSolution
		{D7BAE370-CA42-4F2B-BE84-46AC3D0FEB51}.Debug|Any CPU.ActiveCfg = Debug|Any CPU
		{D7BAE370-CA42-4F2B-BE84-46AC3D0FEB51}.Debug|Any CPU.Build.0 = Debug|Any CPU
		{D7BAE370-CA42-4F2B-BE84-46AC3D0FEB51}.Release|Any CPU.ActiveCfg = Release|Any CPU
		{D7BAE370-CA42-4F2B-BE84-46AC3D0FEB51}.Release|Any CPU.Build.0 = Release|Any CPU
	EndGlobalSection
	GlobalSection(SolutionProperties) = preSolution
		HideSolutionNode = FALSE
	EndGlobalSection
EndGlobal
